{
  "version": "3",
  "packages": {
    "specifiers": {
      "jsr:@std/assert@^1": "jsr:@std/assert@1.0.3",
      "jsr:@std/encoding@^1": "jsr:@std/encoding@1.0.2",
      "jsr:@std/internal@^1.0.2": "jsr:@std/internal@1.0.2",
      "npm:oxc-transform@^0.27": "npm:oxc-transform@0.27.0",
      "npm:terser@5.32.0": "npm:terser@5.32.0"
    },
    "jsr": {
      "@std/assert@1.0.3": {
        "integrity": "b0d03ce1ced880df67132eea140623010d415848df66f6aa5df76507ca7c26d8",
        "dependencies": [
          "jsr:@std/internal@^1.0.2"
        ]
      },
      "@std/encoding@1.0.2": {
        "integrity": "7ed640c777e3275550e2cd937c440acdbebfdcd2d13ef67052f0536bf43e707f"
      },
      "@std/internal@1.0.2": {
        "integrity": "f4cabe2021352e8bfc24e6569700df87bf070914fc38d4b23eddd20108ac4495"
      }
    },
    "npm": {
      "@jridgewell/gen-mapping@0.3.5": {
        "integrity": "sha512-IzL8ZoEDIBRWEzlCcRhOaCupYyN5gdIK+Q6fbFdPDg6HqX6jpkItn7DFIpW9LQzXG6Df9sA7+OKnq0qlz/GaQg==",
        "dependencies": {
          "@jridgewell/set-array": "@jridgewell/set-array@1.2.1",
          "@jridgewell/sourcemap-codec": "@jridgewell/sourcemap-codec@1.5.0",
          "@jridgewell/trace-mapping": "@jridgewell/trace-mapping@0.3.25"
        }
      },
      "@jridgewell/resolve-uri@3.1.2": {
        "integrity": "sha512-bRISgCIjP20/tbWSPWMEi54QVPRZExkuD9lJL+UIxUKtwVJA8wW1Trb1jMs1RFXo1CBTNZ/5hpC9QvmKWdopKw==",
        "dependencies": {}
      },
      "@jridgewell/set-array@1.2.1": {
        "integrity": "sha512-R8gLRTZeyp03ymzP/6Lil/28tGeGEzhx1q2k703KGWRAI1VdvPIXdG70VJc2pAMw3NA6JKL5hhFu1sJX0Mnn/A==",
        "dependencies": {}
      },
      "@jridgewell/source-map@0.3.6": {
        "integrity": "sha512-1ZJTZebgqllO79ue2bm3rIGud/bOe0pP5BjSRCRxxYkEZS8STV7zN84UBbiYu7jy+eCKSnVIUgoWWE/tt+shMQ==",
        "dependencies": {
          "@jridgewell/gen-mapping": "@jridgewell/gen-mapping@0.3.5",
          "@jridgewell/trace-mapping": "@jridgewell/trace-mapping@0.3.25"
        }
      },
      "@jridgewell/sourcemap-codec@1.5.0": {
        "integrity": "sha512-gv3ZRaISU3fjPAgNsriBRqGWQL6quFx04YMPW/zD8XMLsU32mhCCbfbO6KZFLjvYpCZ8zyDEgqsgf+PwPaM7GQ==",
        "dependencies": {}
      },
      "@jridgewell/trace-mapping@0.3.25": {
        "integrity": "sha512-vNk6aEwybGtawWmy/PzwnGDOjCkLWSD2wqvjGGAgOAwCGWySYXfYoxt00IJkTF+8Lb57DwOb3Aa0o9CApepiYQ==",
        "dependencies": {
          "@jridgewell/resolve-uri": "@jridgewell/resolve-uri@3.1.2",
          "@jridgewell/sourcemap-codec": "@jridgewell/sourcemap-codec@1.5.0"
        }
      },
      "@oxc-transform/binding-darwin-arm64@0.27.0": {
        "integrity": "sha512-htEbtSbt2VXZBg+mInCwed2JgX+aihY40FUUJklRUsDaFiJOkUffnlxVXw2bVD2wfNDCYNvp4vsmqs9MKj8B5w==",
        "dependencies": {}
      },
      "@oxc-transform/binding-darwin-x64@0.27.0": {
        "integrity": "sha512-cTpN4Q/+riVyJD/+MES+zmRP//z4Hz3yBkxTf9FwLvwxZZHrRB/caSeS9ebZhbGpE7X+wT5xiSBWcNCToREQ7A==",
        "dependencies": {}
      },
      "@oxc-transform/binding-linux-arm64-gnu@0.27.0": {
        "integrity": "sha512-VSZU0WcO8iLloElftRABENiRgTuv2wAOtwm3P2InfziOyPTDNdpgMtX7/yIW4L2nEGnXvfSZ582FwvZinzHEcA==",
        "dependencies": {}
      },
      "@oxc-transform/binding-linux-arm64-musl@0.27.0": {
        "integrity": "sha512-t7gPlqxNMn2lHdvT0qqcOUMBvDvliMfdzX+J3yDvPyBW+pAWz6pjAPIG81oK/yib1+rA7n/fNjHWceg7m0ueCw==",
        "dependencies": {}
      },
      "@oxc-transform/binding-linux-x64-gnu@0.27.0": {
        "integrity": "sha512-CaR9Cl7ez4Iw2kde4MY+nSjIixmfIqd/RNHR5iu+5KOMpzNKe878ewB/ToKoOZ+fx4JzdRrDIZ0m+AVNhGisjA==",
        "dependencies": {}
      },
      "@oxc-transform/binding-linux-x64-musl@0.27.0": {
        "integrity": "sha512-knR4/zoK0BPPt5weDTXypJ1ahOuI8vjWKqKKgQPjWsOODkkZTdnsAVoGAc2Et1Mym7A7iU5Br0dvbmiaMH+Fmw==",
        "dependencies": {}
      },
      "@oxc-transform/binding-win32-arm64-msvc@0.27.0": {
        "integrity": "sha512-yvLZkGtPL024kOdo3ZbwE3Kdl3j52I1MW6kG241f+DwlqIpb8LOgOz5rWSU1Wr7q2I2WN4pjIlBpK4rlEyZNzA==",
        "dependencies": {}
      },
      "@oxc-transform/binding-win32-x64-msvc@0.27.0": {
        "integrity": "sha512-lbivu0hGt/Me29DeNN1Sk5V53ccYn2N8Cur1Ln3bELXM/rEoFmgSdEABtrsiyT5AhIrx86Oi3hkjBV3DmCwpYQ==",
        "dependencies": {}
      },
      "acorn@8.12.1": {
        "integrity": "sha512-tcpGyI9zbizT9JbV6oYE477V6mTlXvvi0T0G3SNIYE2apm/G5huBa1+K89VGeovbg+jycCrfhl3ADxErOuO6Jg==",
        "dependencies": {}
      },
      "buffer-from@1.1.2": {
        "integrity": "sha512-E+XQCRwSbaaiChtv6k6Dwgc+bx+Bs6vuKJHHl5kox/BaKbhiXzqQOwK4cO22yElGp2OCmjwVhT3HmxgyPGnJfQ==",
        "dependencies": {}
      },
      "commander@2.20.3": {
        "integrity": "sha512-GpVkmM8vF2vQUkj2LvZmD35JxeJOLCwJ9cUkugyk2nuhbv3+mJvpLYYt+0+USMxE+oj+ey/lJEnhZw75x/OMcQ==",
        "dependencies": {}
      },
      "oxc-transform@0.27.0": {
        "integrity": "sha512-gMw3Toy+EtfTtfUwqOZ0CuyyFM9zEiuj0IZWldmtcbcst+Iq/GYpM2ULOx/sGjSnUpYRJA5dPc5JU8CXPR/hTg==",
        "dependencies": {
          "@oxc-transform/binding-darwin-arm64": "@oxc-transform/binding-darwin-arm64@0.27.0",
          "@oxc-transform/binding-darwin-x64": "@oxc-transform/binding-darwin-x64@0.27.0",
          "@oxc-transform/binding-linux-arm64-gnu": "@oxc-transform/binding-linux-arm64-gnu@0.27.0",
          "@oxc-transform/binding-linux-arm64-musl": "@oxc-transform/binding-linux-arm64-musl@0.27.0",
          "@oxc-transform/binding-linux-x64-gnu": "@oxc-transform/binding-linux-x64-gnu@0.27.0",
          "@oxc-transform/binding-linux-x64-musl": "@oxc-transform/binding-linux-x64-musl@0.27.0",
          "@oxc-transform/binding-win32-arm64-msvc": "@oxc-transform/binding-win32-arm64-msvc@0.27.0",
          "@oxc-transform/binding-win32-x64-msvc": "@oxc-transform/binding-win32-x64-msvc@0.27.0"
        }
      },
      "source-map-support@0.5.21": {
        "integrity": "sha512-uBHU3L3czsIyYXKX88fdrGovxdSCoTGDRZ6SYXtSRxLZUzHg5P/66Ht6uoUlHu9EZod+inXhKo3qQgwXUT/y1w==",
        "dependencies": {
          "buffer-from": "buffer-from@1.1.2",
          "source-map": "source-map@0.6.1"
        }
      },
      "source-map@0.6.1": {
        "integrity": "sha512-UjgapumWlbMhkBgzT7Ykc5YXUT46F0iKu8SGXq0bcwP5dz/h0Plj6enJqjz1Zbq2l5WaqYnrVbwWOWMyF3F47g==",
        "dependencies": {}
      },
      "terser@5.32.0": {
        "integrity": "sha512-v3Gtw3IzpBJ0ugkxEX8U0W6+TnPKRRCWGh1jC/iM/e3Ki5+qvO1L1EAZ56bZasc64aXHwRHNIQEzm6//i5cemQ==",
        "dependencies": {
          "@jridgewell/source-map": "@jridgewell/source-map@0.3.6",
          "acorn": "acorn@8.12.1",
          "commander": "commander@2.20.3",
          "source-map-support": "source-map-support@0.5.21"
        }
      }
    }
  },
  "remote": {}
}
