{
  "version": "4",
  "specifiers": {
    "jsr:@std/assert@1": "1.0.10",
    "jsr:@std/encoding@1": "1.0.7",
    "jsr:@std/internal@^1.0.5": "1.0.5",
    "npm:oxc-transform@0.51.0": "0.51.0",
    "npm:terser@5.39.0": "5.39.0"
  },
  "jsr": {
    "@std/assert@1.0.10": {
      "integrity": "59b5cbac5bd55459a19045d95cc7c2ff787b4f8527c0dd195078ff6f9481fbb3",
      "dependencies": [
        "jsr:@std/internal"
      ]
    },
    "@std/encoding@1.0.7": {
      "integrity": "f631247c1698fef289f2de9e2a33d571e46133b38d042905e3eac3715030a82d"
    },
    "@std/internal@1.0.5": {
      "integrity": "54a546004f769c1ac9e025abd15a76b6671ddc9687e2313b67376125650dc7ba"
    }
  },
  "npm": {
    "@jridgewell/gen-mapping@0.3.8": {
      "integrity": "sha512-imAbBGkb+ebQyxKgzv5Hu2nmROxoDOXHh80evxdoXNOrvAnVx7zimzc1Oo5h9RlfV4vPXaE2iM5pOFbvOCClWA==",
      "dependencies": [
        "@jridgewell/set-array",
        "@jridgewell/sourcemap-codec",
        "@jridgewell/trace-mapping"
      ]
    },
    "@jridgewell/resolve-uri@3.1.2": {
      "integrity": "sha512-bRISgCIjP20/tbWSPWMEi54QVPRZExkuD9lJL+UIxUKtwVJA8wW1Trb1jMs1RFXo1CBTNZ/5hpC9QvmKWdopKw=="
    },
    "@jridgewell/set-array@1.2.1": {
      "integrity": "sha512-R8gLRTZeyp03ymzP/6Lil/28tGeGEzhx1q2k703KGWRAI1VdvPIXdG70VJc2pAMw3NA6JKL5hhFu1sJX0Mnn/A=="
    },
    "@jridgewell/source-map@0.3.6": {
      "integrity": "sha512-1ZJTZebgqllO79ue2bm3rIGud/bOe0pP5BjSRCRxxYkEZS8STV7zN84UBbiYu7jy+eCKSnVIUgoWWE/tt+shMQ==",
      "dependencies": [
        "@jridgewell/gen-mapping",
        "@jridgewell/trace-mapping"
      ]
    },
    "@jridgewell/sourcemap-codec@1.5.0": {
      "integrity": "sha512-gv3ZRaISU3fjPAgNsriBRqGWQL6quFx04YMPW/zD8XMLsU32mhCCbfbO6KZFLjvYpCZ8zyDEgqsgf+PwPaM7GQ=="
    },
    "@jridgewell/trace-mapping@0.3.25": {
      "integrity": "sha512-vNk6aEwybGtawWmy/PzwnGDOjCkLWSD2wqvjGGAgOAwCGWySYXfYoxt00IJkTF+8Lb57DwOb3Aa0o9CApepiYQ==",
      "dependencies": [
        "@jridgewell/resolve-uri",
        "@jridgewell/sourcemap-codec"
      ]
    },
    "@oxc-transform/binding-darwin-arm64@0.51.0": {
      "integrity": "sha512-HYZzgm/lCUAJP7Ya9IXbqb5t5gNo33tR9rmMr2RslgmkcxsEku1nCWDuZezdhYEuvrhnzwGnwmqK25dvwSCN4g=="
    },
    "@oxc-transform/binding-darwin-x64@0.51.0": {
      "integrity": "sha512-GB57jsdGN2UQPLlZFrzopUHiC9DZqZvQpErwNEoIuan2DJeYNvxppI7Jgv4HH735KgZuMi+a/39/cNjroDpq5w=="
    },
    "@oxc-transform/binding-linux-arm64-gnu@0.51.0": {
      "integrity": "sha512-qmD8PqpBEdQLJzhEonna21G2sazGGoEXMfGxiMEOQcbJcKTdZPBwzEI1LqwHzMDIZ9m6bUevoIKsPECkdbPJ2A=="
    },
    "@oxc-transform/binding-linux-arm64-musl@0.51.0": {
      "integrity": "sha512-9LUaIDFBORKGz3mluTB+BcFQQX8zSgG23mFDrNXRlE9VBZkn54NCMN8LX5W51/Uxo4FJmlj5GYcjmmplgfTsRQ=="
    },
    "@oxc-transform/binding-linux-x64-gnu@0.51.0": {
      "integrity": "sha512-RQSjTs2PAtIirnHYbNW6TyD6aaUxXzcYM4h1k/Q6MhPzRUxwNot5iSN7jUOcyX+eM8YtoVvwJdXgciaoBYC7lQ=="
    },
    "@oxc-transform/binding-linux-x64-musl@0.51.0": {
      "integrity": "sha512-q/0q3UGbU31dJaV/ZOL5bwiWXMol51mdOm7m1zPN49dmPv+yDXQpK94v5gqbWnw/jgGgMSWynAjsh0BQXrgWMA=="
    },
    "@oxc-transform/binding-win32-arm64-msvc@0.51.0": {
      "integrity": "sha512-Z/cdSIRWCeBSqCZAOg+hm082g+RNVfzrG73yYXLo++yG1+Fdf5GfS0Y2BRS1XgKxowTqKKYr2A+RILLYo20hMw=="
    },
    "@oxc-transform/binding-win32-x64-msvc@0.51.0": {
      "integrity": "sha512-Frw6EdCSotGMMBh5kSaJhhhQySHelTR/wKigZ55g9UL8I4UHKzzPSNqbQN1yGSeqt3ghnVYFFzdz/+WpGQqgnw=="
    },
    "acorn@8.14.0": {
      "integrity": "sha512-cl669nCJTZBsL97OF4kUQm5g5hC2uihk0NxY3WENAC0TYdILVkAyHymAntgxGkl7K+t0cXIrH5siy5S4XkFycA=="
    },
    "buffer-from@1.1.2": {
      "integrity": "sha512-E+XQCRwSbaaiChtv6k6Dwgc+bx+Bs6vuKJHHl5kox/BaKbhiXzqQOwK4cO22yElGp2OCmjwVhT3HmxgyPGnJfQ=="
    },
    "commander@2.20.3": {
      "integrity": "sha512-GpVkmM8vF2vQUkj2LvZmD35JxeJOLCwJ9cUkugyk2nuhbv3+mJvpLYYt+0+USMxE+oj+ey/lJEnhZw75x/OMcQ=="
    },
    "oxc-transform@0.51.0": {
      "integrity": "sha512-5hmju6LD5cGXWzvweduIg9hCcBKWMIq2ILvwwiKEgb03cxPoKYsx65FfITJPVOkBzHFYRGri2AXo/mY1DJRmJQ==",
      "dependencies": [
        "@oxc-transform/binding-darwin-arm64",
        "@oxc-transform/binding-darwin-x64",
        "@oxc-transform/binding-linux-arm64-gnu",
        "@oxc-transform/binding-linux-arm64-musl",
        "@oxc-transform/binding-linux-x64-gnu",
        "@oxc-transform/binding-linux-x64-musl",
        "@oxc-transform/binding-win32-arm64-msvc",
        "@oxc-transform/binding-win32-x64-msvc"
      ]
    },
    "source-map-support@0.5.21": {
      "integrity": "sha512-uBHU3L3czsIyYXKX88fdrGovxdSCoTGDRZ6SYXtSRxLZUzHg5P/66Ht6uoUlHu9EZod+inXhKo3qQgwXUT/y1w==",
      "dependencies": [
        "buffer-from",
        "source-map"
      ]
    },
    "source-map@0.6.1": {
      "integrity": "sha512-UjgapumWlbMhkBgzT7Ykc5YXUT46F0iKu8SGXq0bcwP5dz/h0Plj6enJqjz1Zbq2l5WaqYnrVbwWOWMyF3F47g=="
    },
    "terser@5.39.0": {
      "integrity": "sha512-LBAhFyLho16harJoWMg/nZsQYgTrg5jXOn2nCYjRUcZZEdE3qa2zb8QEDRUGVZBW4rlazf2fxkg8tztybTaqWw==",
      "dependencies": [
        "@jridgewell/source-map",
        "acorn",
        "commander",
        "source-map-support"
      ]
    }
  }
}
